{
  "version": "5",
  "specifiers": {
    "jsr:@quentinadam/assert@~0.1.12": "0.1.12",
    "npm:typescript@^5.9.2": "5.9.2"
  },
  "jsr": {
    "@quentinadam/assert@0.1.12": {
      "integrity": "7479c55f26b80cbf7be4bf5191b1a2c5f7994f0a5c3c9657147e55ae53603910"
    }
  },
  "npm": {
    "typescript@5.9.2": {
      "integrity": "sha512-CWBzXQrc/qOkhidw1OzBTQuYRbfyxDXJMVJ1XNwUHGROVmuaeiEm3OslpZ1RV96d7SKKjZKrSJu3+t/xlw3R9A==",
      "bin": true
    }
  },
  "workspace": {
    "dependencies": [
      "jsr:@quentinadam/assert@~0.1.12",
      "npm:typescript@^5.9.2"
    ]
  }
}
