{
  "version": "5",
  "specifiers": {
    "jsr:@quentinadam/assert@~0.1.15": "0.1.15",
    "npm:typescript@^5.9.3": "5.9.3"
  },
  "jsr": {
    "@quentinadam/assert@0.1.15": {
      "integrity": "806e910da9b72239b329fcb307f1d65bd2f912617704f13bf466e9debed8d99c"
    }
  },
  "npm": {
    "typescript@5.9.3": {
      "integrity": "sha512-jl1vZzPDinLr9eUt3J/t7V6FgNEw9QjvBPdysz9KfQDD41fQrC2Y4vKQdiaUpFT4bXlb1RHhLpp8wtm6M5TgSw==",
      "bin": true
    }
  },
  "workspace": {
    "dependencies": [
      "jsr:@quentinadam/assert@~0.1.15",
      "npm:typescript@^5.9.3"
    ]
  }
}
